
Microsoft Visual Studio Solution File, Format Version 12.00
# Visual Studio Version 16
VisualStudioVersion = 16.6.30114.105
MinimumVisualStudioVersion = 10.0.40219.1
Project("{9A19103F-16F7-4668-BE54-9A1E7A4F7556}") = "R5T.T0035.X0001.Construction", "R5T.T0035.X0001.Construction\R5T.T0035.X0001.Construction.csproj", "{E72FA811-262F-478F-BFBA-28FA52E45AC1}"
EndProject
Project("{9A19103F-16F7-4668-BE54-9A1E7A4F7556}") = "R5T.T0035.X0001", "R5T.T0035.X0001\R5T.T0035.X0001.csproj", "{5A01BBFB-6189-4D42-B65C-C1F3FE57D68E}"
EndProject
Project("{2150E333-8FDC-42A3-9474-1A3956D46DE8}") = "_Dependencies", "_Dependencies", "{7E990AAA-B37F-480A-90F9-60B51924F938}"
EndProject
Project("{9A19103F-16F7-4668-BE54-9A1E7A4F7556}") = "R5T.T0035", "..\..\R5T.T0035\source\R5T.T0035\R5T.T0035.csproj", "{F61D3109-952A-4BB3-BCA6-C5AD09052D46}"
EndProject
Project("{9A19103F-16F7-4668-BE54-9A1E7A4F7556}") = "R5T.T0035.X003", "..\..\R5T.T0035\source\R5T.T0035.X003\R5T.T0035.X003.csproj", "{D1280945-F140-4994-BD56-B554A6ED47CC}"
EndProject
Project("{9A19103F-16F7-4668-BE54-9A1E7A4F7556}") = "R5T.Magyar", "..\..\R5T.Magyar\source\R5T.Magyar\R5T.Magyar.csproj", "{612F55E1-1067-4FFF-AC18-6F95CE7DE030}"
EndProject
Global
	GlobalSection(SolutionConfigurationPlatforms) = preSolution
		Debug|Any CPU = Debug|Any CPU
		Debug|x64 = Debug|x64
		Debug|x86 = Debug|x86
		Release|Any CPU = Release|Any CPU
		Release|x64 = Release|x64
		Release|x86 = Release|x86
	EndGlobalSection
	GlobalSection(ProjectConfigurationPlatforms) = postSolution
		{E72FA811-262F-478F-BFBA-28FA52E45AC1}.Debug|Any CPU.ActiveCfg = Debug|Any CPU
		{E72FA811-262F-478F-BFBA-28FA52E45AC1}.Debug|Any CPU.Build.0 = Debug|Any CPU
		{E72FA811-262F-478F-BFBA-28FA52E45AC1}.Debug|x64.ActiveCfg = Debug|Any CPU
		{E72FA811-262F-478F-BFBA-28FA52E45AC1}.Debug|x64.Build.0 = Debug|Any CPU
		{E72FA811-262F-478F-BFBA-28FA52E45AC1}.Debug|x86.ActiveCfg = Debug|Any CPU
		{E72FA811-262F-478F-BFBA-28FA52E45AC1}.Debug|x86.Build.0 = Debug|Any CPU
		{E72FA811-262F-478F-BFBA-28FA52E45AC1}.Release|Any CPU.ActiveCfg = Release|Any CPU
		{E72FA811-262F-478F-BFBA-28FA52E45AC1}.Release|Any CPU.Build.0 = Release|Any CPU
		{E72FA811-262F-478F-BFBA-28FA52E45AC1}.Release|x64.ActiveCfg = Release|Any CPU
		{E72FA811-262F-478F-BFBA-28FA52E45AC1}.Release|x64.Build.0 = Release|Any CPU
		{E72FA811-262F-478F-BFBA-28FA52E45AC1}.Release|x86.ActiveCfg = Release|Any CPU
		{E72FA811-262F-478F-BFBA-28FA52E45AC1}.Release|x86.Build.0 = Release|Any CPU
		{5A01BBFB-6189-4D42-B65C-C1F3FE57D68E}.Debug|Any CPU.ActiveCfg = Debug|Any CPU
		{5A01BBFB-6189-4D42-B65C-C1F3FE57D68E}.Debug|Any CPU.Build.0 = Debug|Any CPU
		{5A01BBFB-6189-4D42-B65C-C1F3FE57D68E}.Debug|x64.ActiveCfg = Debug|Any CPU
		{5A01BBFB-6189-4D42-B65C-C1F3FE57D68E}.Debug|x64.Build.0 = Debug|Any CPU
		{5A01BBFB-6189-4D42-B65C-C1F3FE57D68E}.Debug|x86.ActiveCfg = Debug|Any CPU
		{5A01BBFB-6189-4D42-B65C-C1F3FE57D68E}.Debug|x86.Build.0 = Debug|Any CPU
		{5A01BBFB-6189-4D42-B65C-C1F3FE57D68E}.Release|Any CPU.ActiveCfg = Release|Any CPU
		{5A01BBFB-6189-4D42-B65C-C1F3FE57D68E}.Release|Any CPU.Build.0 = Release|Any CPU
		{5A01BBFB-6189-4D42-B65C-C1F3FE57D68E}.Release|x64.ActiveCfg = Release|Any CPU
		{5A01BBFB-6189-4D42-B65C-C1F3FE57D68E}.Release|x64.Build.0 = Release|Any CPU
		{5A01BBFB-6189-4D42-B65C-C1F3FE57D68E}.Release|x86.ActiveCfg = Release|Any CPU
		{5A01BBFB-6189-4D42-B65C-C1F3FE57D68E}.Release|x86.Build.0 = Release|Any CPU
		{F61D3109-952A-4BB3-BCA6-C5AD09052D46}.Debug|Any CPU.ActiveCfg = Debug|Any CPU
		{F61D3109-952A-4BB3-BCA6-C5AD09052D46}.Debug|Any CPU.Build.0 = Debug|Any CPU
		{F61D3109-952A-4BB3-BCA6-C5AD09052D46}.Debug|x64.ActiveCfg = Debug|Any CPU
		{F61D3109-952A-4BB3-BCA6-C5AD09052D46}.Debug|x64.Build.0 = Debug|Any CPU
		{F61D3109-952A-4BB3-BCA6-C5AD09052D46}.Debug|x86.ActiveCfg = Debug|Any CPU
		{F61D3109-952A-4BB3-BCA6-C5AD09052D46}.Debug|x86.Build.0 = Debug|Any CPU
		{F61D3109-952A-4BB3-BCA6-C5AD09052D46}.Release|Any CPU.ActiveCfg = Release|Any CPU
		{F61D3109-952A-4BB3-BCA6-C5AD09052D46}.Release|Any CPU.Build.0 = Release|Any CPU
		{F61D3109-952A-4BB3-BCA6-C5AD09052D46}.Release|x64.ActiveCfg = Release|Any CPU
		{F61D3109-952A-4BB3-BCA6-C5AD09052D46}.Release|x64.Build.0 = Release|Any CPU
		{F61D3109-952A-4BB3-BCA6-C5AD09052D46}.Release|x86.ActiveCfg = Release|Any CPU
		{F61D3109-952A-4BB3-BCA6-C5AD09052D46}.Release|x86.Build.0 = Release|Any CPU
		{D1280945-F140-4994-BD56-B554A6ED47CC}.Debug|Any CPU.ActiveCfg = Debug|Any CPU
		{D1280945-F140-4994-BD56-B554A6ED47CC}.Debug|Any CPU.Build.0 = Debug|Any CPU
		{D1280945-F140-4994-BD56-B554A6ED47CC}.Debug|x64.ActiveCfg = Debug|Any CPU
		{D1280945-F140-4994-BD56-B554A6ED47CC}.Debug|x64.Build.0 = Debug|Any CPU
		{D1280945-F140-4994-BD56-B554A6ED47CC}.Debug|x86.ActiveCfg = Debug|Any CPU
		{D1280945-F140-4994-BD56-B554A6ED47CC}.Debug|x86.Build.0 = Debug|Any CPU
		{D1280945-F140-4994-BD56-B554A6ED47CC}.Release|Any CPU.ActiveCfg = Release|Any CPU
		{D1280945-F140-4994-BD56-B554A6ED47CC}.Release|Any CPU.Build.0 = Release|Any CPU
		{D1280945-F140-4994-BD56-B554A6ED47CC}.Release|x64.ActiveCfg = Release|Any CPU
		{D1280945-F140-4994-BD56-B554A6ED47CC}.Release|x64.Build.0 = Release|Any CPU
		{D1280945-F140-4994-BD56-B554A6ED47CC}.Release|x86.ActiveCfg = Release|Any CPU
		{D1280945-F140-4994-BD56-B554A6ED47CC}.Release|x86.Build.0 = Release|Any CPU
		{612F55E1-1067-4FFF-AC18-6F95CE7DE030}.Debug|Any CPU.ActiveCfg = Debug|Any CPU
		{612F55E1-1067-4FFF-AC18-6F95CE7DE030}.Debug|Any CPU.Build.0 = Debug|Any CPU
		{612F55E1-1067-4FFF-AC18-6F95CE7DE030}.Debug|x64.ActiveCfg = Debug|Any CPU
		{612F55E1-1067-4FFF-AC18-6F95CE7DE030}.Debug|x64.Build.0 = Debug|Any CPU
		{612F55E1-1067-4FFF-AC18-6F95CE7DE030}.Debug|x86.ActiveCfg = Debug|Any CPU
		{612F55E1-1067-4FFF-AC18-6F95CE7DE030}.Debug|x86.Build.0 = Debug|Any CPU
		{612F55E1-1067-4FFF-AC18-6F95CE7DE030}.Release|Any CPU.ActiveCfg = Release|Any CPU
		{612F55E1-1067-4FFF-AC18-6F95CE7DE030}.Release|Any CPU.Build.0 = Release|Any CPU
		{612F55E1-1067-4FFF-AC18-6F95CE7DE030}.Release|x64.ActiveCfg = Release|Any CPU
		{612F55E1-1067-4FFF-AC18-6F95CE7DE030}.Release|x64.Build.0 = Release|Any CPU
		{612F55E1-1067-4FFF-AC18-6F95CE7DE030}.Release|x86.ActiveCfg = Release|Any CPU
		{612F55E1-1067-4FFF-AC18-6F95CE7DE030}.Release|x86.Build.0 = Release|Any CPU
	EndGlobalSection
	GlobalSection(SolutionProperties) = preSolution
		HideSolutionNode = FALSE
	EndGlobalSection
	GlobalSection(NestedProjects) = preSolution
		{F61D3109-952A-4BB3-BCA6-C5AD09052D46} = {7E990AAA-B37F-480A-90F9-60B51924F938}
		{D1280945-F140-4994-BD56-B554A6ED47CC} = {7E990AAA-B37F-480A-90F9-60B51924F938}
		{612F55E1-1067-4FFF-AC18-6F95CE7DE030} = {7E990AAA-B37F-480A-90F9-60B51924F938}
	EndGlobalSection
	GlobalSection(ExtensibilityGlobals) = postSolution
		SolutionGuid = {6C881BAA-6B98-4338-A6E3-29633BF143D6}
	EndGlobalSection
EndGlobal
